
Microsoft Visual Studio Solution File, Format Version 12.00
# Visual Studio 15
VisualStudioVersion = 15.0.28307.2092
MinimumVisualStudioVersion = 10.0.40219.1
Project("{FAE04EC0-301F-11D3-BF4B-00C04F79EFBC}") = "6.soru-9Bkaan", "6.soru-9Bkaan\6.soru-9Bkaan.csproj", "{6E569D16-3CF8-48F1-8889-1927C84640AB}"
EndProject
Global
	GlobalSection(SolutionConfigurationPlatforms) = preSolution
		Debug|Any CPU = Debug|Any CPU
		Release|Any CPU = Release|Any CPU
	EndGlobalSection
	GlobalSection(ProjectConfigurationPlatforms) = postSolution
		{6E569D16-3CF8-48F1-8889-1927C84640AB}.Debug|Any CPU.ActiveCfg = Debug|Any CPU
		{6E569D16-3CF8-48F1-8889-1927C84640AB}.Debug|Any CPU.Build.0 = Debug|Any CPU
		{6E569D16-3CF8-48F1-8889-1927C84640AB}.Release|Any CPU.ActiveCfg = Release|Any CPU
		{6E569D16-3CF8-48F1-8889-1927C84640AB}.Release|Any CPU.Build.0 = Release|Any CPU
	EndGlobalSection
	GlobalSection(SolutionProperties) = preSolution
		HideSolutionNode = FALSE
	EndGlobalSection
	GlobalSection(ExtensibilityGlobals) = postSolution
		SolutionGuid = {87650BBD-352F-47F4-8AC4-A6C1247680A7}
	EndGlobalSection
EndGlobal
